
Microsoft Visual Studio Solution File, Format Version 12.00
# Visual Studio 15
VisualStudioVersion = 15.0.28307.1000
MinimumVisualStudioVersion = 10.0.40219.1
Project("{FAE04EC0-301F-11D3-BF4B-00C04F79EFBC}") = "IOCPServer", "IOCPServer\IOCPServer.csproj", "{FA3C7673-C332-4F84-BD6C-E7B08312BC3B}"
EndProject
Project("{FAE04EC0-301F-11D3-BF4B-00C04F79EFBC}") = "IOCPClient", "IOCPClient\IOCPClient.csproj", "{5A07841D-F999-4923-8921-9C174543D3F7}"
EndProject
Global
	GlobalSection(SolutionConfigurationPlatforms) = preSolution
		Debug|Any CPU = Debug|Any CPU
		Debug|x64 = Debug|x64
		Debug|x86 = Debug|x86
		Release|Any CPU = Release|Any CPU
		Release|x64 = Release|x64
		Release|x86 = Release|x86
	EndGlobalSection
	GlobalSection(ProjectConfigurationPlatforms) = postSolution
		{FA3C7673-C332-4F84-BD6C-E7B08312BC3B}.Debug|Any CPU.ActiveCfg = Debug|Any CPU
		{FA3C7673-C332-4F84-BD6C-E7B08312BC3B}.Debug|Any CPU.Build.0 = Debug|Any CPU
		{FA3C7673-C332-4F84-BD6C-E7B08312BC3B}.Debug|x64.ActiveCfg = Debug|Any CPU
		{FA3C7673-C332-4F84-BD6C-E7B08312BC3B}.Debug|x64.Build.0 = Debug|Any CPU
		{FA3C7673-C332-4F84-BD6C-E7B08312BC3B}.Debug|x86.ActiveCfg = Debug|Any CPU
		{FA3C7673-C332-4F84-BD6C-E7B08312BC3B}.Debug|x86.Build.0 = Debug|Any CPU
		{FA3C7673-C332-4F84-BD6C-E7B08312BC3B}.Release|Any CPU.ActiveCfg = Release|Any CPU
		{FA3C7673-C332-4F84-BD6C-E7B08312BC3B}.Release|Any CPU.Build.0 = Release|Any CPU
		{FA3C7673-C332-4F84-BD6C-E7B08312BC3B}.Release|x64.ActiveCfg = Release|Any CPU
		{FA3C7673-C332-4F84-BD6C-E7B08312BC3B}.Release|x64.Build.0 = Release|Any CPU
		{FA3C7673-C332-4F84-BD6C-E7B08312BC3B}.Release|x86.ActiveCfg = Release|Any CPU
		{FA3C7673-C332-4F84-BD6C-E7B08312BC3B}.Release|x86.Build.0 = Release|Any CPU
		{5A07841D-F999-4923-8921-9C174543D3F7}.Debug|Any CPU.ActiveCfg = Debug|Any CPU
		{5A07841D-F999-4923-8921-9C174543D3F7}.Debug|Any CPU.Build.0 = Debug|Any CPU
		{5A07841D-F999-4923-8921-9C174543D3F7}.Debug|x64.ActiveCfg = Debug|Any CPU
		{5A07841D-F999-4923-8921-9C174543D3F7}.Debug|x64.Build.0 = Debug|Any CPU
		{5A07841D-F999-4923-8921-9C174543D3F7}.Debug|x86.ActiveCfg = Debug|Any CPU
		{5A07841D-F999-4923-8921-9C174543D3F7}.Debug|x86.Build.0 = Debug|Any CPU
		{5A07841D-F999-4923-8921-9C174543D3F7}.Release|Any CPU.ActiveCfg = Release|Any CPU
		{5A07841D-F999-4923-8921-9C174543D3F7}.Release|Any CPU.Build.0 = Release|Any CPU
		{5A07841D-F999-4923-8921-9C174543D3F7}.Release|x64.ActiveCfg = Release|Any CPU
		{5A07841D-F999-4923-8921-9C174543D3F7}.Release|x64.Build.0 = Release|Any CPU
		{5A07841D-F999-4923-8921-9C174543D3F7}.Release|x86.ActiveCfg = Release|Any CPU
		{5A07841D-F999-4923-8921-9C174543D3F7}.Release|x86.Build.0 = Release|Any CPU
	EndGlobalSection
	GlobalSection(SolutionProperties) = preSolution
		HideSolutionNode = FALSE
	EndGlobalSection
	GlobalSection(ExtensibilityGlobals) = postSolution
		SolutionGuid = {029C5DE3-E1B7-4D88-AF5F-AAB84E71845C}
	EndGlobalSection
EndGlobal
